
Microsoft Visual Studio Solution File, Format Version 12.00
# Visual Studio Version 17
VisualStudioVersion = 17.1.32210.238
MinimumVisualStudioVersion = 10.0.40219.1
Project("{FAE04EC0-301F-11D3-BF4B-00C04F79EFBC}") = "DocumentEditorCore", "DocumentEditorCore.csproj", "{1B5FEECA-801B-456F-8565-BCD85C5A6C0D}"
EndProject
Global
	GlobalSection(SolutionConfigurationPlatforms) = preSolution
		Debug|Any CPU = Debug|Any CPU
		Release|Any CPU = Release|Any CPU
	EndGlobalSection
	GlobalSection(ProjectConfigurationPlatforms) = postSolution
		{1B5FEECA-801B-456F-8565-BCD85C5A6C0D}.Debug|Any CPU.ActiveCfg = Debug|Any CPU
		{1B5FEECA-801B-456F-8565-BCD85C5A6C0D}.Debug|Any CPU.Build.0 = Debug|Any CPU
		{1B5FEECA-801B-456F-8565-BCD85C5A6C0D}.Release|Any CPU.ActiveCfg = Release|Any CPU
		{1B5FEECA-801B-456F-8565-BCD85C5A6C0D}.Release|Any CPU.Build.0 = Release|Any CPU
	EndGlobalSection
	GlobalSection(SolutionProperties) = preSolution
		HideSolutionNode = FALSE
	EndGlobalSection
	GlobalSection(ExtensibilityGlobals) = postSolution
		SolutionGuid = {C2B954E1-9860-48D1-8D7D-D243161FD4FC}
	EndGlobalSection
EndGlobal
